
Microsoft Visual Studio Solution File, Format Version 12.00
# Visual Studio Version 17
VisualStudioVersion = 17.2.32519.379
MinimumVisualStudioVersion = 10.0.40219.1
Project("{FAE04EC0-301F-11D3-BF4B-00C04F79EFBC}") = "WebDriverTask2", "WebDriverTask2\WebDriverTask2.csproj", "{7CAD5F4D-5580-406B-854E-2B883D21AC9E}"
EndProject
Project("{FAE04EC0-301F-11D3-BF4B-00C04F79EFBC}") = "PastebinTests", "PastebinTests\PastebinTests.csproj", "{6701B4B6-C9DB-40C1-B53C-E34957415F0C}"
EndProject
Global
	GlobalSection(SolutionConfigurationPlatforms) = preSolution
		Debug|Any CPU = Debug|Any CPU
		Release|Any CPU = Release|Any CPU
	EndGlobalSection
	GlobalSection(ProjectConfigurationPlatforms) = postSolution
		{7CAD5F4D-5580-406B-854E-2B883D21AC9E}.Debug|Any CPU.ActiveCfg = Debug|Any CPU
		{7CAD5F4D-5580-406B-854E-2B883D21AC9E}.Debug|Any CPU.Build.0 = Debug|Any CPU
		{7CAD5F4D-5580-406B-854E-2B883D21AC9E}.Release|Any CPU.ActiveCfg = Release|Any CPU
		{7CAD5F4D-5580-406B-854E-2B883D21AC9E}.Release|Any CPU.Build.0 = Release|Any CPU
		{6701B4B6-C9DB-40C1-B53C-E34957415F0C}.Debug|Any CPU.ActiveCfg = Debug|Any CPU
		{6701B4B6-C9DB-40C1-B53C-E34957415F0C}.Debug|Any CPU.Build.0 = Debug|Any CPU
		{6701B4B6-C9DB-40C1-B53C-E34957415F0C}.Release|Any CPU.ActiveCfg = Release|Any CPU
		{6701B4B6-C9DB-40C1-B53C-E34957415F0C}.Release|Any CPU.Build.0 = Release|Any CPU
	EndGlobalSection
	GlobalSection(SolutionProperties) = preSolution
		HideSolutionNode = FALSE
	EndGlobalSection
	GlobalSection(ExtensibilityGlobals) = postSolution
		SolutionGuid = {B8558C1D-4E90-4793-9467-153DC0B26C7A}
	EndGlobalSection
EndGlobal
